
Microsoft Visual Studio Solution File, Format Version 12.00
# Visual Studio Version 17
VisualStudioVersion = 17.14.36429.23
MinimumVisualStudioVersion = 10.0.40219.1
Project("{2150E333-8FDC-42A3-9474-1A3956D46DE8}") = "Task0", "Task0", "{36D591C7-65C7-A0D1-1CBC-10CDE441BDC8}"
EndProject
Project("{FAE04EC0-301F-11D3-BF4B-00C04F79EFBC}") = "Tyuiu.TsvetkovRA.Sprint6.Task0.V4.Test", "Tyuiu.TsvetkovRA.Sprint6.Task0.V4.Test\Tyuiu.TsvetkovRA.Sprint6.Task0.V4.Test.csproj", "{C3A51308-4446-4260-BF94-84CFDCB1747E}"
EndProject
Project("{FAE04EC0-301F-11D3-BF4B-00C04F79EFBC}") = "Tyuiu.TsvetkovRA.Sprint6.Task0.V4.Lib", "Tyuiu.TsvetkovRA.Sprint6.Task0.V4.Lib\Tyuiu.TsvetkovRA.Sprint6.Task0.V4.Lib.csproj", "{CEC312B7-25DC-4DF5-8177-CE43C29C59C2}"
EndProject
Project("{FAE04EC0-301F-11D3-BF4B-00C04F79EFBC}") = "Tyuiu.TsvetkovRA.Sprint6.Task0.V4", "Tyuiu.TsvetkovRA.Sprint6.Task0.V4\Tyuiu.TsvetkovRA.Sprint6.Task0.V4.csproj", "{309BB5EA-9470-4F99-BC97-195E1641173E}"
EndProject
Project("{2150E333-8FDC-42A3-9474-1A3956D46DE8}") = "Task1", "Task1", "{D7FD89D4-4B68-4A60-90BC-240AC3CEDE3A}"
EndProject
Project("{FAE04EC0-301F-11D3-BF4B-00C04F79EFBC}") = "Tyuiu.TsvetkovRA.Sprint6.Task1.V14.Lib", "Tyuiu.TsvetkovRA.Sprint6.Task1.V14.Lib\Tyuiu.TsvetkovRA.Sprint6.Task1.V14.Lib.csproj", "{05172B32-1EE4-4EA9-8CB8-CFCB1DDDF69F}"
EndProject
Project("{FAE04EC0-301F-11D3-BF4B-00C04F79EFBC}") = "Tyuiu.TsvetkovRA.Sprint6.Task1.V14.Test", "Tyuiu.TsvetkovRA.Sprint6.Task1.V14.Test\Tyuiu.TsvetkovRA.Sprint6.Task1.V14.Test.csproj", "{4B7D650B-DFDF-4C44-8C4D-8DBFD29EBC4B}"
EndProject
Project("{FAE04EC0-301F-11D3-BF4B-00C04F79EFBC}") = "Tyuiu.TsvetkovRA.Sprint6.Task1.V14", "Tyuiu.TsvetkovRA.Sprint6.Task1.V14\Tyuiu.TsvetkovRA.Sprint6.Task1.V14.csproj", "{D0967D19-EE68-49BC-95AD-BCED065FCA9B}"
EndProject
Project("{2150E333-8FDC-42A3-9474-1A3956D46DE8}") = "Task2", "Task2", "{9E087D06-3718-4602-9CDA-524B05E5E870}"
EndProject
Project("{FAE04EC0-301F-11D3-BF4B-00C04F79EFBC}") = "Tyuiu.TsvetkovRA.Sprint6.Task2.V20.Lib", "Tyuiu.TsvetkovRA.Sprint6.Task2.V20.Lib\Tyuiu.TsvetkovRA.Sprint6.Task2.V20.Lib.csproj", "{B3F4B869-BA82-44C5-8CD2-FBAAD43D4C8B}"
EndProject
Project("{FAE04EC0-301F-11D3-BF4B-00C04F79EFBC}") = "Tyuiu.TsvetkovRA.Sprint6.Task2.V20.Test", "Tyuiu.TsvetkovRA.Sprint6.Task2.V20.Test\Tyuiu.TsvetkovRA.Sprint6.Task2.V20.Test.csproj", "{C6C6EC54-1EC7-4DFE-8162-40132A38EC6F}"
EndProject
Project("{FAE04EC0-301F-11D3-BF4B-00C04F79EFBC}") = "Tyuiu.TsvetkovRA.Sprint6.Task2.V20", "Tyuiu.TsvetkovRA.Sprint6.Task2.V20\Tyuiu.TsvetkovRA.Sprint6.Task2.V20.csproj", "{FF2F62F5-AA90-483F-AB7F-741DE0CB8481}"
EndProject
Project("{2150E333-8FDC-42A3-9474-1A3956D46DE8}") = "Task3", "Task3", "{8263F9DE-DBDC-4B39-9711-34FC78D1B0CA}"
EndProject
Project("{FAE04EC0-301F-11D3-BF4B-00C04F79EFBC}") = "Tyuiu.TsvetkovRA.Sprint6.Task3.V2.Lib", "Tyuiu.TsvetkovRA.Sprint6.Task3.V2.Lib\Tyuiu.TsvetkovRA.Sprint6.Task3.V2.Lib.csproj", "{72878523-A531-4B4C-9515-2109FFE9B413}"
EndProject
Project("{FAE04EC0-301F-11D3-BF4B-00C04F79EFBC}") = "Tyuiu.TsvetkovRA.Sprint6.Task3.V2.Test", "Tyuiu.TsvetkovRA.Sprint6.Task3.V2.Test\Tyuiu.TsvetkovRA.Sprint6.Task3.V2.Test.csproj", "{A5754BDF-693A-4BAA-82EB-B2E6CC1E623D}"
EndProject
Project("{FAE04EC0-301F-11D3-BF4B-00C04F79EFBC}") = "Tyuiu.TsvetkovRA.Sprint6.Task3.V2", "Tyuiu.TsvetkovRA.Sprint6.Task3.V2\Tyuiu.TsvetkovRA.Sprint6.Task3.V2.csproj", "{54E9A6A9-5456-4E47-9F17-C1C075C2704D}"
EndProject
Project("{2150E333-8FDC-42A3-9474-1A3956D46DE8}") = "Task4", "Task4", "{A9755EB6-21F3-41D4-912C-8B439F1F813C}"
EndProject
Project("{FAE04EC0-301F-11D3-BF4B-00C04F79EFBC}") = "Tyuiu.TsvetkovRA.Sprint6.Task4.V28.Test", "Tyuiu.TsvetkovRA.Sprint6.Task4.V28.Test\Tyuiu.TsvetkovRA.Sprint6.Task4.V28.Test.csproj", "{B9F615DF-108A-486D-979C-D959F4E3B22C}"
EndProject
Project("{FAE04EC0-301F-11D3-BF4B-00C04F79EFBC}") = "Tyuiu.TsvetkovRA.Sprint6.Task4.V28.Lib", "Tyuiu.TsvetkovRA.Sprint6.Task4.V28.Lib\Tyuiu.TsvetkovRA.Sprint6.Task4.V28.Lib.csproj", "{2D220CB4-6A25-47FB-A14F-5BEF4D314963}"
EndProject
Project("{FAE04EC0-301F-11D3-BF4B-00C04F79EFBC}") = "Tyuiu.TsvetkovRA.Sprint6.Task4.V28", "Tyuiu.TsvetkovRA.Sprint6.Task4.V28\Tyuiu.TsvetkovRA.Sprint6.Task4.V28.csproj", "{DCB7982E-118C-467D-B2DB-E8D293FAD7CB}"
EndProject
Project("{2150E333-8FDC-42A3-9474-1A3956D46DE8}") = "Task5", "Task5", "{4FA0DE06-17EE-4D82-A2DF-1D47DB2D8B3D}"
EndProject
Project("{FAE04EC0-301F-11D3-BF4B-00C04F79EFBC}") = "Tyuiu.TsvetkovRA.Sprint6.Task5.V4.Lib", "Tyuiu.TsvetkovRA.Sprint6.Task5.V4.Lib\Tyuiu.TsvetkovRA.Sprint6.Task5.V4.Lib.csproj", "{2E0449FD-441E-44E5-B55B-0DEB0F28BBA7}"
EndProject
Project("{FAE04EC0-301F-11D3-BF4B-00C04F79EFBC}") = "Tyuiu.TsvetkovRA.Sprint6.Task5.V4.Test", "Tyuiu.TsvetkovRA.Sprint6.Task5.V4.Test\Tyuiu.TsvetkovRA.Sprint6.Task5.V4.Test.csproj", "{DC99A6FC-04A3-4C9C-9945-E7CBF6693DE6}"
EndProject
Project("{FAE04EC0-301F-11D3-BF4B-00C04F79EFBC}") = "Tyuiu.TsvetkovRA.Sprint6.Task5.V4", "Tyuiu.TsvetkovRA.Sprint6.Task5.V4\Tyuiu.TsvetkovRA.Sprint6.Task5.V4.csproj", "{97F6DDF9-184A-46BF-A277-144B5E46A419}"
EndProject
Project("{2150E333-8FDC-42A3-9474-1A3956D46DE8}") = "Task6", "Task6", "{7392D496-FDAC-4B30-B566-4B0FADF31EB8}"
EndProject
Project("{FAE04EC0-301F-11D3-BF4B-00C04F79EFBC}") = "Tyuiu.TsvetkovRA.Sprint6.Task6.V25", "Tyuiu.TsvetkovRA.Sprint6.Task6.V25\Tyuiu.TsvetkovRA.Sprint6.Task6.V25.csproj", "{E149AA80-D7AF-4BB4-80B0-21C345D9240A}"
EndProject
Project("{FAE04EC0-301F-11D3-BF4B-00C04F79EFBC}") = "Tyuiu.TsvetkovRA.Sprint6.Task6.V25.Lib", "Tyuiu.TsvetkovRA.Sprint6.Task6.V25.Lib\Tyuiu.TsvetkovRA.Sprint6.Task6.V25.Lib.csproj", "{10BB50B6-494D-4A8E-B4CF-EE680E34C090}"
EndProject
Project("{FAE04EC0-301F-11D3-BF4B-00C04F79EFBC}") = "Tyuiu.TsvetkovRA.Sprint6.Task6.V25.Test", "Tyuiu.TsvetkovRA.Sprint6.Task6.V25.Test\Tyuiu.TsvetkovRA.Sprint6.Task6.V25.Test.csproj", "{5E91E1C4-73A3-4FAB-BD20-E209A718C955}"
EndProject
Project("{2150E333-8FDC-42A3-9474-1A3956D46DE8}") = "Task7", "Task7", "{95D5159E-940C-4147-97DF-F3C1651CED17}"
EndProject
Project("{FAE04EC0-301F-11D3-BF4B-00C04F79EFBC}") = "Tyuiu.TsvetkovRA.Sprint6.Task7.V8", "Tyuiu.TsvetkovRA.Sprint6.Task7.V8\Tyuiu.TsvetkovRA.Sprint6.Task7.V8.csproj", "{0117AEFF-5E09-4E67-A854-DC3943953C23}"
EndProject
Project("{FAE04EC0-301F-11D3-BF4B-00C04F79EFBC}") = "Tyuiu.TsvetkovRA.Sprint6.Task7.V8.Test", "Tyuiu.TsvetkovRA.Sprint6.Task7.V8.Test\Tyuiu.TsvetkovRA.Sprint6.Task7.V8.Test.csproj", "{A48AF9CA-8049-4429-B783-5677C855760A}"
EndProject
Project("{FAE04EC0-301F-11D3-BF4B-00C04F79EFBC}") = "Tyuiu.TsvetkovRA.Sprint6.Task7.V8.Lib", "Tyuiu.TsvetkovRA.Sprint6.Task7.V8.Lib\Tyuiu.TsvetkovRA.Sprint6.Task7.V8.Lib.csproj", "{64C2B3AA-4DF2-495C-86BB-44BFE1DB14EE}"
EndProject
Global
	GlobalSection(SolutionConfigurationPlatforms) = preSolution
		Debug|Any CPU = Debug|Any CPU
		Release|Any CPU = Release|Any CPU
	EndGlobalSection
	GlobalSection(ProjectConfigurationPlatforms) = postSolution
		{C3A51308-4446-4260-BF94-84CFDCB1747E}.Debug|Any CPU.ActiveCfg = Debug|Any CPU
		{C3A51308-4446-4260-BF94-84CFDCB1747E}.Debug|Any CPU.Build.0 = Debug|Any CPU
		{C3A51308-4446-4260-BF94-84CFDCB1747E}.Release|Any CPU.ActiveCfg = Release|Any CPU
		{C3A51308-4446-4260-BF94-84CFDCB1747E}.Release|Any CPU.Build.0 = Release|Any CPU
		{CEC312B7-25DC-4DF5-8177-CE43C29C59C2}.Debug|Any CPU.ActiveCfg = Debug|Any CPU
		{CEC312B7-25DC-4DF5-8177-CE43C29C59C2}.Debug|Any CPU.Build.0 = Debug|Any CPU
		{CEC312B7-25DC-4DF5-8177-CE43C29C59C2}.Release|Any CPU.ActiveCfg = Release|Any CPU
		{CEC312B7-25DC-4DF5-8177-CE43C29C59C2}.Release|Any CPU.Build.0 = Release|Any CPU
		{309BB5EA-9470-4F99-BC97-195E1641173E}.Debug|Any CPU.ActiveCfg = Debug|Any CPU
		{309BB5EA-9470-4F99-BC97-195E1641173E}.Debug|Any CPU.Build.0 = Debug|Any CPU
		{309BB5EA-9470-4F99-BC97-195E1641173E}.Release|Any CPU.ActiveCfg = Release|Any CPU
		{309BB5EA-9470-4F99-BC97-195E1641173E}.Release|Any CPU.Build.0 = Release|Any CPU
		{05172B32-1EE4-4EA9-8CB8-CFCB1DDDF69F}.Debug|Any CPU.ActiveCfg = Debug|Any CPU
		{05172B32-1EE4-4EA9-8CB8-CFCB1DDDF69F}.Debug|Any CPU.Build.0 = Debug|Any CPU
		{05172B32-1EE4-4EA9-8CB8-CFCB1DDDF69F}.Release|Any CPU.ActiveCfg = Release|Any CPU
		{05172B32-1EE4-4EA9-8CB8-CFCB1DDDF69F}.Release|Any CPU.Build.0 = Release|Any CPU
		{4B7D650B-DFDF-4C44-8C4D-8DBFD29EBC4B}.Debug|Any CPU.ActiveCfg = Debug|Any CPU
		{4B7D650B-DFDF-4C44-8C4D-8DBFD29EBC4B}.Debug|Any CPU.Build.0 = Debug|Any CPU
		{4B7D650B-DFDF-4C44-8C4D-8DBFD29EBC4B}.Release|Any CPU.ActiveCfg = Release|Any CPU
		{4B7D650B-DFDF-4C44-8C4D-8DBFD29EBC4B}.Release|Any CPU.Build.0 = Release|Any CPU
		{D0967D19-EE68-49BC-95AD-BCED065FCA9B}.Debug|Any CPU.ActiveCfg = Debug|Any CPU
		{D0967D19-EE68-49BC-95AD-BCED065FCA9B}.Debug|Any CPU.Build.0 = Debug|Any CPU
		{D0967D19-EE68-49BC-95AD-BCED065FCA9B}.Release|Any CPU.ActiveCfg = Release|Any CPU
		{D0967D19-EE68-49BC-95AD-BCED065FCA9B}.Release|Any CPU.Build.0 = Release|Any CPU
		{B3F4B869-BA82-44C5-8CD2-FBAAD43D4C8B}.Debug|Any CPU.ActiveCfg = Debug|Any CPU
		{B3F4B869-BA82-44C5-8CD2-FBAAD43D4C8B}.Debug|Any CPU.Build.0 = Debug|Any CPU
		{B3F4B869-BA82-44C5-8CD2-FBAAD43D4C8B}.Release|Any CPU.ActiveCfg = Release|Any CPU
		{B3F4B869-BA82-44C5-8CD2-FBAAD43D4C8B}.Release|Any CPU.Build.0 = Release|Any CPU
		{C6C6EC54-1EC7-4DFE-8162-40132A38EC6F}.Debug|Any CPU.ActiveCfg = Debug|Any CPU
		{C6C6EC54-1EC7-4DFE-8162-40132A38EC6F}.Debug|Any CPU.Build.0 = Debug|Any CPU
		{C6C6EC54-1EC7-4DFE-8162-40132A38EC6F}.Release|Any CPU.ActiveCfg = Release|Any CPU
		{C6C6EC54-1EC7-4DFE-8162-40132A38EC6F}.Release|Any CPU.Build.0 = Release|Any CPU
		{FF2F62F5-AA90-483F-AB7F-741DE0CB8481}.Debug|Any CPU.ActiveCfg = Debug|Any CPU
		{FF2F62F5-AA90-483F-AB7F-741DE0CB8481}.Debug|Any CPU.Build.0 = Debug|Any CPU
		{FF2F62F5-AA90-483F-AB7F-741DE0CB8481}.Release|Any CPU.ActiveCfg = Release|Any CPU
		{FF2F62F5-AA90-483F-AB7F-741DE0CB8481}.Release|Any CPU.Build.0 = Release|Any CPU
		{72878523-A531-4B4C-9515-2109FFE9B413}.Debug|Any CPU.ActiveCfg = Debug|Any CPU
		{72878523-A531-4B4C-9515-2109FFE9B413}.Debug|Any CPU.Build.0 = Debug|Any CPU
		{72878523-A531-4B4C-9515-2109FFE9B413}.Release|Any CPU.ActiveCfg = Release|Any CPU
		{72878523-A531-4B4C-9515-2109FFE9B413}.Release|Any CPU.Build.0 = Release|Any CPU
		{A5754BDF-693A-4BAA-82EB-B2E6CC1E623D}.Debug|Any CPU.ActiveCfg = Debug|Any CPU
		{A5754BDF-693A-4BAA-82EB-B2E6CC1E623D}.Debug|Any CPU.Build.0 = Debug|Any CPU
		{A5754BDF-693A-4BAA-82EB-B2E6CC1E623D}.Release|Any CPU.ActiveCfg = Release|Any CPU
		{A5754BDF-693A-4BAA-82EB-B2E6CC1E623D}.Release|Any CPU.Build.0 = Release|Any CPU
		{54E9A6A9-5456-4E47-9F17-C1C075C2704D}.Debug|Any CPU.ActiveCfg = Debug|Any CPU
		{54E9A6A9-5456-4E47-9F17-C1C075C2704D}.Debug|Any CPU.Build.0 = Debug|Any CPU
		{54E9A6A9-5456-4E47-9F17-C1C075C2704D}.Release|Any CPU.ActiveCfg = Release|Any CPU
		{54E9A6A9-5456-4E47-9F17-C1C075C2704D}.Release|Any CPU.Build.0 = Release|Any CPU
		{B9F615DF-108A-486D-979C-D959F4E3B22C}.Debug|Any CPU.ActiveCfg = Debug|Any CPU
		{B9F615DF-108A-486D-979C-D959F4E3B22C}.Debug|Any CPU.Build.0 = Debug|Any CPU
		{B9F615DF-108A-486D-979C-D959F4E3B22C}.Release|Any CPU.ActiveCfg = Release|Any CPU
		{B9F615DF-108A-486D-979C-D959F4E3B22C}.Release|Any CPU.Build.0 = Release|Any CPU
		{2D220CB4-6A25-47FB-A14F-5BEF4D314963}.Debug|Any CPU.ActiveCfg = Debug|Any CPU
		{2D220CB4-6A25-47FB-A14F-5BEF4D314963}.Debug|Any CPU.Build.0 = Debug|Any CPU
		{2D220CB4-6A25-47FB-A14F-5BEF4D314963}.Release|Any CPU.ActiveCfg = Release|Any CPU
		{2D220CB4-6A25-47FB-A14F-5BEF4D314963}.Release|Any CPU.Build.0 = Release|Any CPU
		{DCB7982E-118C-467D-B2DB-E8D293FAD7CB}.Debug|Any CPU.ActiveCfg = Debug|Any CPU
		{DCB7982E-118C-467D-B2DB-E8D293FAD7CB}.Debug|Any CPU.Build.0 = Debug|Any CPU
		{DCB7982E-118C-467D-B2DB-E8D293FAD7CB}.Release|Any CPU.ActiveCfg = Release|Any CPU
		{DCB7982E-118C-467D-B2DB-E8D293FAD7CB}.Release|Any CPU.Build.0 = Release|Any CPU
		{2E0449FD-441E-44E5-B55B-0DEB0F28BBA7}.Debug|Any CPU.ActiveCfg = Debug|Any CPU
		{2E0449FD-441E-44E5-B55B-0DEB0F28BBA7}.Debug|Any CPU.Build.0 = Debug|Any CPU
		{2E0449FD-441E-44E5-B55B-0DEB0F28BBA7}.Release|Any CPU.ActiveCfg = Release|Any CPU
		{2E0449FD-441E-44E5-B55B-0DEB0F28BBA7}.Release|Any CPU.Build.0 = Release|Any CPU
		{DC99A6FC-04A3-4C9C-9945-E7CBF6693DE6}.Debug|Any CPU.ActiveCfg = Debug|Any CPU
		{DC99A6FC-04A3-4C9C-9945-E7CBF6693DE6}.Debug|Any CPU.Build.0 = Debug|Any CPU
		{DC99A6FC-04A3-4C9C-9945-E7CBF6693DE6}.Release|Any CPU.ActiveCfg = Release|Any CPU
		{DC99A6FC-04A3-4C9C-9945-E7CBF6693DE6}.Release|Any CPU.Build.0 = Release|Any CPU
		{97F6DDF9-184A-46BF-A277-144B5E46A419}.Debug|Any CPU.ActiveCfg = Debug|Any CPU
		{97F6DDF9-184A-46BF-A277-144B5E46A419}.Debug|Any CPU.Build.0 = Debug|Any CPU
		{97F6DDF9-184A-46BF-A277-144B5E46A419}.Release|Any CPU.ActiveCfg = Release|Any CPU
		{97F6DDF9-184A-46BF-A277-144B5E46A419}.Release|Any CPU.Build.0 = Release|Any CPU
		{E149AA80-D7AF-4BB4-80B0-21C345D9240A}.Debug|Any CPU.ActiveCfg = Debug|Any CPU
		{E149AA80-D7AF-4BB4-80B0-21C345D9240A}.Debug|Any CPU.Build.0 = Debug|Any CPU
		{E149AA80-D7AF-4BB4-80B0-21C345D9240A}.Release|Any CPU.ActiveCfg = Release|Any CPU
		{E149AA80-D7AF-4BB4-80B0-21C345D9240A}.Release|Any CPU.Build.0 = Release|Any CPU
		{10BB50B6-494D-4A8E-B4CF-EE680E34C090}.Debug|Any CPU.ActiveCfg = Debug|Any CPU
		{10BB50B6-494D-4A8E-B4CF-EE680E34C090}.Debug|Any CPU.Build.0 = Debug|Any CPU
		{10BB50B6-494D-4A8E-B4CF-EE680E34C090}.Release|Any CPU.ActiveCfg = Release|Any CPU
		{10BB50B6-494D-4A8E-B4CF-EE680E34C090}.Release|Any CPU.Build.0 = Release|Any CPU
		{5E91E1C4-73A3-4FAB-BD20-E209A718C955}.Debug|Any CPU.ActiveCfg = Debug|Any CPU
		{5E91E1C4-73A3-4FAB-BD20-E209A718C955}.Debug|Any CPU.Build.0 = Debug|Any CPU
		{5E91E1C4-73A3-4FAB-BD20-E209A718C955}.Release|Any CPU.ActiveCfg = Release|Any CPU
		{5E91E1C4-73A3-4FAB-BD20-E209A718C955}.Release|Any CPU.Build.0 = Release|Any CPU
		{0117AEFF-5E09-4E67-A854-DC3943953C23}.Debug|Any CPU.ActiveCfg = Debug|Any CPU
		{0117AEFF-5E09-4E67-A854-DC3943953C23}.Debug|Any CPU.Build.0 = Debug|Any CPU
		{0117AEFF-5E09-4E67-A854-DC3943953C23}.Release|Any CPU.ActiveCfg = Release|Any CPU
		{0117AEFF-5E09-4E67-A854-DC3943953C23}.Release|Any CPU.Build.0 = Release|Any CPU
		{A48AF9CA-8049-4429-B783-5677C855760A}.Debug|Any CPU.ActiveCfg = Debug|Any CPU
		{A48AF9CA-8049-4429-B783-5677C855760A}.Debug|Any CPU.Build.0 = Debug|Any CPU
		{A48AF9CA-8049-4429-B783-5677C855760A}.Release|Any CPU.ActiveCfg = Release|Any CPU
		{A48AF9CA-8049-4429-B783-5677C855760A}.Release|Any CPU.Build.0 = Release|Any CPU
		{64C2B3AA-4DF2-495C-86BB-44BFE1DB14EE}.Debug|Any CPU.ActiveCfg = Debug|Any CPU
		{64C2B3AA-4DF2-495C-86BB-44BFE1DB14EE}.Debug|Any CPU.Build.0 = Debug|Any CPU
		{64C2B3AA-4DF2-495C-86BB-44BFE1DB14EE}.Release|Any CPU.ActiveCfg = Release|Any CPU
		{64C2B3AA-4DF2-495C-86BB-44BFE1DB14EE}.Release|Any CPU.Build.0 = Release|Any CPU
	EndGlobalSection
	GlobalSection(SolutionProperties) = preSolution
		HideSolutionNode = FALSE
	EndGlobalSection
	GlobalSection(NestedProjects) = preSolution
		{C3A51308-4446-4260-BF94-84CFDCB1747E} = {36D591C7-65C7-A0D1-1CBC-10CDE441BDC8}
		{CEC312B7-25DC-4DF5-8177-CE43C29C59C2} = {36D591C7-65C7-A0D1-1CBC-10CDE441BDC8}
		{309BB5EA-9470-4F99-BC97-195E1641173E} = {36D591C7-65C7-A0D1-1CBC-10CDE441BDC8}
		{05172B32-1EE4-4EA9-8CB8-CFCB1DDDF69F} = {D7FD89D4-4B68-4A60-90BC-240AC3CEDE3A}
		{4B7D650B-DFDF-4C44-8C4D-8DBFD29EBC4B} = {D7FD89D4-4B68-4A60-90BC-240AC3CEDE3A}
		{D0967D19-EE68-49BC-95AD-BCED065FCA9B} = {D7FD89D4-4B68-4A60-90BC-240AC3CEDE3A}
		{B3F4B869-BA82-44C5-8CD2-FBAAD43D4C8B} = {9E087D06-3718-4602-9CDA-524B05E5E870}
		{C6C6EC54-1EC7-4DFE-8162-40132A38EC6F} = {9E087D06-3718-4602-9CDA-524B05E5E870}
		{FF2F62F5-AA90-483F-AB7F-741DE0CB8481} = {9E087D06-3718-4602-9CDA-524B05E5E870}
		{72878523-A531-4B4C-9515-2109FFE9B413} = {8263F9DE-DBDC-4B39-9711-34FC78D1B0CA}
		{A5754BDF-693A-4BAA-82EB-B2E6CC1E623D} = {8263F9DE-DBDC-4B39-9711-34FC78D1B0CA}
		{54E9A6A9-5456-4E47-9F17-C1C075C2704D} = {8263F9DE-DBDC-4B39-9711-34FC78D1B0CA}
		{B9F615DF-108A-486D-979C-D959F4E3B22C} = {A9755EB6-21F3-41D4-912C-8B439F1F813C}
		{2D220CB4-6A25-47FB-A14F-5BEF4D314963} = {A9755EB6-21F3-41D4-912C-8B439F1F813C}
		{DCB7982E-118C-467D-B2DB-E8D293FAD7CB} = {A9755EB6-21F3-41D4-912C-8B439F1F813C}
		{2E0449FD-441E-44E5-B55B-0DEB0F28BBA7} = {4FA0DE06-17EE-4D82-A2DF-1D47DB2D8B3D}
		{DC99A6FC-04A3-4C9C-9945-E7CBF6693DE6} = {4FA0DE06-17EE-4D82-A2DF-1D47DB2D8B3D}
		{97F6DDF9-184A-46BF-A277-144B5E46A419} = {4FA0DE06-17EE-4D82-A2DF-1D47DB2D8B3D}
		{E149AA80-D7AF-4BB4-80B0-21C345D9240A} = {7392D496-FDAC-4B30-B566-4B0FADF31EB8}
		{10BB50B6-494D-4A8E-B4CF-EE680E34C090} = {7392D496-FDAC-4B30-B566-4B0FADF31EB8}
		{5E91E1C4-73A3-4FAB-BD20-E209A718C955} = {7392D496-FDAC-4B30-B566-4B0FADF31EB8}
		{0117AEFF-5E09-4E67-A854-DC3943953C23} = {95D5159E-940C-4147-97DF-F3C1651CED17}
		{64C2B3AA-4DF2-495C-86BB-44BFE1DB14EE} = {95D5159E-940C-4147-97DF-F3C1651CED17}
	EndGlobalSection
	GlobalSection(ExtensibilityGlobals) = postSolution
		SolutionGuid = {58E22D16-23DF-4DC4-B763-75B0ECD4508D}
	EndGlobalSection
EndGlobal
